
Microsoft Visual Studio Solution File, Format Version 12.00
# Visual Studio Version 17
VisualStudioVersion = 17.9.34607.119
MinimumVisualStudioVersion = 10.0.40219.1
Project("{FAE04EC0-301F-11D3-BF4B-00C04F79EFBC}") = "ornek01", "ornek01\ornek01.csproj", "{2B6D197C-E099-4103-A92A-37AEDD407011}"
EndProject
Global
	GlobalSection(SolutionConfigurationPlatforms) = preSolution
		Debug|Any CPU = Debug|Any CPU
		Release|Any CPU = Release|Any CPU
	EndGlobalSection
	GlobalSection(ProjectConfigurationPlatforms) = postSolution
		{2B6D197C-E099-4103-A92A-37AEDD407011}.Debug|Any CPU.ActiveCfg = Debug|Any CPU
		{2B6D197C-E099-4103-A92A-37AEDD407011}.Debug|Any CPU.Build.0 = Debug|Any CPU
		{2B6D197C-E099-4103-A92A-37AEDD407011}.Release|Any CPU.ActiveCfg = Release|Any CPU
		{2B6D197C-E099-4103-A92A-37AEDD407011}.Release|Any CPU.Build.0 = Release|Any CPU
	EndGlobalSection
	GlobalSection(SolutionProperties) = preSolution
		HideSolutionNode = FALSE
	EndGlobalSection
	GlobalSection(ExtensibilityGlobals) = postSolution
		SolutionGuid = {D9428CA1-00F2-4DD5-B31B-4431945C5E64}
	EndGlobalSection
EndGlobal
